
Microsoft Visual Studio Solution File, Format Version 11.00
# Visual Studio 2010
Project("{F14B399A-7131-4C87-9E4B-1186C45EF12D}") = "trailbalance", "trailbalance\trailbalance.rptproj", "{291A7B8B-E098-444A-8493-DC64E7CC4C89}"
EndProject
Global
	GlobalSection(SolutionConfigurationPlatforms) = preSolution
		Debug|Default = Debug|Default
		DebugLocal|Default = DebugLocal|Default
		Release|Default = Release|Default
	EndGlobalSection
	GlobalSection(ProjectConfigurationPlatforms) = postSolution
		{291A7B8B-E098-444A-8493-DC64E7CC4C89}.Debug|Default.ActiveCfg = Debug
		{291A7B8B-E098-444A-8493-DC64E7CC4C89}.Debug|Default.Build.0 = DebugLocal
		{291A7B8B-E098-444A-8493-DC64E7CC4C89}.Debug|Default.Deploy.0 = DebugLocal
		{291A7B8B-E098-444A-8493-DC64E7CC4C89}.DebugLocal|Default.ActiveCfg = DebugLocal
		{291A7B8B-E098-444A-8493-DC64E7CC4C89}.DebugLocal|Default.Build.0 = DebugLocal
		{291A7B8B-E098-444A-8493-DC64E7CC4C89}.Release|Default.ActiveCfg = Release
		{291A7B8B-E098-444A-8493-DC64E7CC4C89}.Release|Default.Build.0 = Release
		{291A7B8B-E098-444A-8493-DC64E7CC4C89}.Release|Default.Deploy.0 = Release
	EndGlobalSection
	GlobalSection(SolutionProperties) = preSolution
		HideSolutionNode = FALSE
	EndGlobalSection
EndGlobal
