
Microsoft Visual Studio Solution File, Format Version 11.00
# Visual Studio 2010
Project("{F14B399A-7131-4C87-9E4B-1186C45EF12D}") = "subreports", "subreports\subreports.rptproj", "{81749266-E475-43A6-9916-0406EB36B708}"
EndProject
Global
	GlobalSection(SolutionConfigurationPlatforms) = preSolution
		Debug|Default = Debug|Default
		DebugLocal|Default = DebugLocal|Default
		Release|Default = Release|Default
	EndGlobalSection
	GlobalSection(ProjectConfigurationPlatforms) = postSolution
		{81749266-E475-43A6-9916-0406EB36B708}.Debug|Default.ActiveCfg = Debug
		{81749266-E475-43A6-9916-0406EB36B708}.Debug|Default.Build.0 = DebugLocal
		{81749266-E475-43A6-9916-0406EB36B708}.Debug|Default.Deploy.0 = DebugLocal
		{81749266-E475-43A6-9916-0406EB36B708}.DebugLocal|Default.ActiveCfg = DebugLocal
		{81749266-E475-43A6-9916-0406EB36B708}.DebugLocal|Default.Build.0 = DebugLocal
		{81749266-E475-43A6-9916-0406EB36B708}.Release|Default.ActiveCfg = Release
		{81749266-E475-43A6-9916-0406EB36B708}.Release|Default.Build.0 = Release
		{81749266-E475-43A6-9916-0406EB36B708}.Release|Default.Deploy.0 = Release
	EndGlobalSection
	GlobalSection(SolutionProperties) = preSolution
		HideSolutionNode = FALSE
	EndGlobalSection
EndGlobal
